dependencies:
- name: postgres-stash
  repository: http://127.0.0.1:8080
  version: "9.6"
- name: postgres-stash
  repository: http://127.0.0.1:8080
  version: "10.2"
- name: postgres-stash
  repository: http://127.0.0.1:8080
  version: "10.6"
- name: postgres-stash
  repository: http://127.0.0.1:8080
  version: "11.1"
- name: postgres-stash
  repository: http://127.0.0.1:8080
  version: "11.2"
digest: sha256:6b064d755426971bfb0e405c647dc3318134aebf9ba4ce799e2f6b36e7960928
generated: "2019-06-20T15:53:37.942666481+06:00"
